
Microsoft Visual Studio Solution File, Format Version 12.00
# Visual Studio Version 16
VisualStudioVersion = 16.0.31515.178
MinimumVisualStudioVersion = 10.0.40219.1
Project("{FAE04EC0-301F-11D3-BF4B-00C04F79EFBC}") = "RegistrySearcher", "RegistrySearcher.csproj", "{B0D37D38-17F5-4ED2-9324-E051716179DD}"
EndProject
Global
	GlobalSection(SolutionConfigurationPlatforms) = preSolution
		Debug|Any CPU = Debug|Any CPU
		Release|Any CPU = Release|Any CPU
	EndGlobalSection
	GlobalSection(ProjectConfigurationPlatforms) = postSolution
		{B0D37D38-17F5-4ED2-9324-E051716179DD}.Debug|Any CPU.ActiveCfg = Debug|Any CPU
		{B0D37D38-17F5-4ED2-9324-E051716179DD}.Debug|Any CPU.Build.0 = Debug|Any CPU
		{B0D37D38-17F5-4ED2-9324-E051716179DD}.Release|Any CPU.ActiveCfg = Release|Any CPU
		{B0D37D38-17F5-4ED2-9324-E051716179DD}.Release|Any CPU.Build.0 = Release|Any CPU
	EndGlobalSection
	GlobalSection(SolutionProperties) = preSolution
		HideSolutionNode = FALSE
	EndGlobalSection
	GlobalSection(ExtensibilityGlobals) = postSolution
		SolutionGuid = {87E43B74-30AB-49A1-A8A1-1AD3B4F4FCD9}
	EndGlobalSection
EndGlobal
